{
  "nodes": {
    "flake-parts": {
      "inputs": {
        "nixpkgs-lib": "nixpkgs-lib"
      },
      "locked": {
        "lastModified": 1782949081,
        "narHash": "sha256-vp6Y/Grm98ESt6ceOkWiHWyZRDV3J1RID4w+6NWK9yA=",
        "owner": "hercules-ci",
        "repo": "flake-parts",
        "rev": "17c9d6cdfc60c64f4ee8d306f9bc0b4ccb51481e",
        "type": "github"
      },
      "original": {
        "owner": "hercules-ci",
        "repo": "flake-parts",
        "type": "github"
      }
    },
    "nixpkgs": {
      "locked": {
        "lastModified": 1782959384,
        "narHash": "sha256-xnJJk+ct+D2+wdRxj1wk36w5zV9RVESwRqcklPdt3fM=",
        "owner": "nixos",
        "repo": "nixpkgs",
        "rev": "65179426c83bb3f6bc14898b42ea1c6f01d374b0",
        "type": "github"
      },
      "original": {
        "owner": "nixos",
        "ref": "nixos-unstable",
        "repo": "nixpkgs",
        "type": "github"
      }
    },
    "nixpkgs-lib": {
      "locked": {
        "lastModified": 1782614948,
        "narHash": "sha256-ePjCwr1sNm9NYUqywL7QfK3JnlS015msC+eBu2zKlp8=",
        "owner": "nix-community",
        "repo": "nixpkgs.lib",
        "rev": "db3f255737b94216eb71cce308e2912cf6bc2d7c",
        "type": "github"
      },
      "original": {
        "owner": "nix-community",
        "repo": "nixpkgs.lib",
        "type": "github"
      }
    },
    "root": {
      "inputs": {
        "flake-parts": "flake-parts",
        "nixpkgs": "nixpkgs",
        "src-opensbi": "src-opensbi",
        "src-uboot": "src-uboot",
        "standards": "standards"
      }
    },
    "src-opensbi": {
      "flake": false,
      "locked": {
        "lastModified": 1782921624,
        "narHash": "sha256-UrxIRa87iYeoTRtfH22HcrJygLPPebOj/t8iRR2Fqo8=",
        "owner": "riscv-software-src",
        "repo": "opensbi",
        "rev": "262571217c75c649115633d8075cb6a40d940733",
        "type": "github"
      },
      "original": {
        "owner": "riscv-software-src",
        "repo": "opensbi",
        "type": "github"
      }
    },
    "src-uboot": {
      "flake": false,
      "locked": {
        "lastModified": 1783111370,
        "narHash": "sha256-tdpg1oCHzloObk1miF1yQDh4tM82KeYyOsTONQpT4X0=",
        "owner": "u-boot",
        "repo": "u-boot",
        "rev": "780084d7c07f511da4a39b43277c573156ed42e0",
        "type": "github"
      },
      "original": {
        "owner": "u-boot",
        "repo": "u-boot",
        "type": "github"
      }
    },
    "standards": {
      "inputs": {
        "flake-parts": [
          "flake-parts"
        ],
        "nixpkgs": [
          "nixpkgs"
        ],
        "treefmt-nix": "treefmt-nix"
      },
      "locked": {
        "lastModified": 1782347892,
        "narHash": "sha256-GvdyaYA4arTrx+tJV99CIm9CdCgdmFjLku+7HLN5+u8=",
        "owner": "Daniel-De-Dev",
        "repo": "flake-standards",
        "rev": "c0e0f7fe2b1aeca49bd55a79c7115cb3dd7d0a0c",
        "type": "github"
      },
      "original": {
        "owner": "Daniel-De-Dev",
        "repo": "flake-standards",
        "type": "github"
      }
    },
    "treefmt-nix": {
      "inputs": {
        "nixpkgs": [
          "standards",
          "nixpkgs"
        ]
      },
      "locked": {
        "lastModified": 1780220602,
        "narHash": "sha256-eynAfOmbmxJnkp7YewvCEbShNnnYJ9gLLqkzsYtBPeM=",
        "owner": "numtide",
        "repo": "treefmt-nix",
        "rev": "db947814a175b7ca6ded66e21383d938df01c227",
        "type": "github"
      },
      "original": {
        "owner": "numtide",
        "repo": "treefmt-nix",
        "type": "github"
      }
    }
  },
  "root": "root",
  "version": 7
}
